
Microsoft Visual Studio Solution File, Format Version 12.00
# Visual Studio Version 17
VisualStudioVersion = 17.1.32407.343
MinimumVisualStudioVersion = 10.0.40219.1
Project("{F184B08F-C81C-45F6-A57F-5ABD9991F28F}") = "MathContest_CB", "MathContest_CB\MathContest_CB.vbproj", "{4358C520-C49C-4E37-871D-6323FBC96F9A}"
EndProject
Global
	GlobalSection(SolutionConfigurationPlatforms) = preSolution
		Debug|Any CPU = Debug|Any CPU
		Release|Any CPU = Release|Any CPU
	EndGlobalSection
	GlobalSection(ProjectConfigurationPlatforms) = postSolution
		{4358C520-C49C-4E37-871D-6323FBC96F9A}.Debug|Any CPU.ActiveCfg = Debug|Any CPU
		{4358C520-C49C-4E37-871D-6323FBC96F9A}.Debug|Any CPU.Build.0 = Debug|Any CPU
		{4358C520-C49C-4E37-871D-6323FBC96F9A}.Release|Any CPU.ActiveCfg = Release|Any CPU
		{4358C520-C49C-4E37-871D-6323FBC96F9A}.Release|Any CPU.Build.0 = Release|Any CPU
	EndGlobalSection
	GlobalSection(SolutionProperties) = preSolution
		HideSolutionNode = FALSE
	EndGlobalSection
	GlobalSection(ExtensibilityGlobals) = postSolution
		SolutionGuid = {B18D5310-273E-48AA-97D0-6DCE36D8BCB3}
	EndGlobalSection
EndGlobal
